{
  "version": "5",
  "remote": {
    "https://edge.netlify.com/": "fd941d61d88673d5f28aab283fb86fcc50f08a3bc80ee5470498fcfa88c65cfb",
    "https://edge.netlify.com/bootstrap/config.ts": "6a2ce0e544e15e8f8883a5c18da5948e37fd0f2619f68cb31f3af53c51817025",
    "https://edge.netlify.com/bootstrap/context.ts": "e97240232121e2f369f6546ce961490f34d961ea1ea54be3ff09633e3f08373f",
    "https://edge.netlify.com/bootstrap/cookie.ts": "8b0baae708989ca183c6f3b4ab3d029e6abcbc2e43f93edeb0ff447b3bbc3a05",
    "https://edge.netlify.com/bootstrap/edge_function.ts": "b8253e86aa83c67341f5cfedeba5049d77fbf84dcab7eceff7566b7728ae9b39",
    "https://edge.netlify.com/bootstrap/globals/types.ts": "eaa6148ded3121d8dee62dd91c86e7fe76601df0f3ca8d7962243a30f4c8935f"
  },
  "workspace": {
    "packageJson": {
      "dependencies": [
        "npm:@astrojs/check@0.9.10",
        "npm:@astrojs/markdown-remark@7.3.1",
        "npm:@astrojs/markdown-satteri@0.4.0",
        "npm:@astrojs/mdx@8.0.0",
        "npm:@astrojs/react@6.0.5",
        "npm:@astrojs/rss@4.0.19",
        "npm:@astrojs/sitemap@3.7.4",
        "npm:@astrojs/ts-plugin@1.10.11",
        "npm:@axe-core/playwright@4.13.0",
        "npm:@biomejs/biome@2.5.12",
        "npm:@commitlint/cli@21.2.2",
        "npm:@commitlint/config-conventional@21.2.2",
        "npm:@davidsneighbour/imagemin-lint-staged@3.0.2",
        "npm:@davidsneighbour/nanny@0.5.0",
        "npm:@dnbhq/markdownlint-config@0.2.11",
        "npm:@dnbhq/release-config@1.1.3",
        "npm:@dnbhq/tsconfig@0.1.6",
        "npm:@fontsource-variable/exo-2@5.3.0",
        "npm:@fontsource-variable/jetbrains-mono@5.3.0",
        "npm:@fontsource/changa-one@5.3.0",
        "npm:@fontsource/exo-2@5.3.0",
        "npm:@frontmatter/extensibility@0.0.18",
        "npm:@github/markdownlint-github@0.8.3",
        "npm:@google/design.md@0.4.0",
        "npm:@humanwhocodes/crosspost@1.0.4",
        "npm:@humanwhocodes/social-changelog@0.6.0",
        "npm:@iconify-json/bi@1.2.7",
        "npm:@iconify-json/fa7-brands@1.2.4",
        "npm:@iconify-json/lucide@1.2.129",
        "npm:@iconify-json/simple-icons@1.2.94",
        "npm:@ls-lint/ls-lint@2.3.1",
        "npm:@netlify/functions@6.0.0",
        "npm:@pagefind/default-ui@1.5.2",
        "npm:@playwright/mcp@0.0.80",
        "npm:@playwright/test@1.63.0",
        "npm:@radix-ui/react-slot@1.3.3",
        "npm:@release-it/conventional-changelog@12.0.0",
        "npm:@resvg/resvg-js@2.6.2",
        "npm:@secretlint/secretlint-rule-anthropic@13.0.5",
        "npm:@secretlint/secretlint-rule-database-connection-string@13.0.5",
        "npm:@secretlint/secretlint-rule-no-dotenv@13.0.5",
        "npm:@secretlint/secretlint-rule-no-homedir@13.0.5",
        "npm:@secretlint/secretlint-rule-no-k8s-kind-secret@13.0.5",
        "npm:@secretlint/secretlint-rule-openai@13.0.5",
        "npm:@secretlint/secretlint-rule-pattern@13.0.5",
        "npm:@secretlint/secretlint-rule-preset-recommend@13.0.5",
        "npm:@secretlint/secretlint-rule-secp256k1-privatekey@13.0.5",
        "npm:@sentry/astro@10.73.0",
        "npm:@spotlightjs/astro@3.2.6",
        "npm:@tailwindcss/forms@0.5.11",
        "npm:@tailwindcss/typography@0.5.20",
        "npm:@tailwindcss/vite@4.3.3",
        "npm:@tailwindplus/elements@1.0.22",
        "npm:@total-typescript/ts-reset@0.6.1",
        "npm:@types/he@1.2.3",
        "npm:@types/markdown-it@14.2.0",
        "npm:@types/mdast@4.0.4",
        "npm:@types/node@26.4.1",
        "npm:@types/react-dom@19.2.7",
        "npm:@types/react@19.2.18",
        "npm:@types/sanitize-html@2.16.0",
        "npm:@types/turndown@5.0.5",
        "npm:@types/yargs@17.0.35",
        "npm:@vitejs/plugin-basic-ssl@2.3.0",
        "npm:@vitest/browser-playwright@4.1.11",
        "npm:@vitest/coverage-v8@4.1.11",
        "npm:@vitest/ui@4.1.11",
        "npm:ajv-formats@3.0.1",
        "npm:ajv@8.20.0",
        "npm:astro-expressive-code@0.44.2",
        "npm:astro-icon@1.2.0",
        "npm:astro@7.3.2",
        "npm:bootstrap-icons@1.13.1",
        "npm:brace-expansion@5.0.9",
        "npm:browserslist@4.28.9",
        "npm:cheerio@1.2.0",
        "npm:chrome-devtools-mcp@1.8.0",
        "npm:chrome-launcher@1.2.1",
        "npm:class-variance-authority@0.7.1",
        "npm:clsx@2.1.1",
        "npm:cspell@10.2.2",
        "npm:cz-git@1.14.0",
        "npm:fast-glob@3.3.3",
        "npm:fast-xml-parser@5.11.1",
        "npm:fixpack@4.0.0",
        "npm:gray-matter@4.0.3",
        "npm:he@1.2.0",
        "npm:html-validate@11.13.0",
        "npm:js-yaml@5.4.1",
        "npm:jsdom@30.0.1",
        "npm:lenis@1.3.26",
        "npm:lighthouse@13.4.1",
        "npm:lucide-react@1.41.0",
        "npm:markdownlint-cli2@0.23.2",
        "npm:markdownlint-rule-extended-ascii@0.2.1",
        "npm:markdownlint-rule-list-duplicates@0.0.1",
        "npm:markdownlint-rule-relative-links@5.1.2",
        "npm:markdownlint-rule-search-replace@1.2.0",
        "npm:markdownlint-rule-title-case-style@0.4.3",
        "npm:markdownlint@0.41.1",
        "npm:mcp-remote@0.8.3",
        "npm:npm-run-all2@9.0.3",
        "npm:pagefind@1.5.2",
        "npm:playwright@1.63.0",
        "npm:png-to-ico@3.0.2",
        "npm:postcss-html@2.0.0",
        "npm:radix-ui@1.6.7",
        "npm:react-dom@19.2.8",
        "npm:react@19.2.8",
        "npm:release-it@21.0.2",
        "npm:remark-definition-list@2.0.0",
        "npm:remark-kbd-nested@0.6.1",
        "npm:resend@6.26.0",
        "npm:sanitize-html@2.14.0",
        "npm:satori-html@0.3.2",
        "npm:satori@0.33.4",
        "npm:secretlint@13.0.5",
        "npm:shadcn@4.21.0",
        "npm:sirv@3.0.2",
        "npm:stylelint-config-html@2.0.0",
        "npm:stylelint-no-unsupported-browser-features@8.1.1",
        "npm:stylelint-order@8.1.1",
        "npm:stylelint@17.15.0",
        "npm:tailwind-merge@3.6.0",
        "npm:tailwindcss@4.3.3",
        "npm:tinykeys@4.0.0",
        "npm:tsx@4.23.13",
        "npm:turndown@7.2.0",
        "npm:tw-animate-css@1.4.0",
        "npm:twitter-text@3.1.0",
        "npm:typedoc@0.28.20",
        "npm:typescript@6.0.3",
        "npm:unist-util-visit@5.1.0",
        "npm:vite-plugin-devtools-json@1.1.0",
        "npm:vite-tsconfig-paths@6.1.1",
        "npm:vitest@4.1.11",
        "npm:wireit@0.14.13"
      ],
      "overrides": {
        "markdownlint-cli2": {
          "js-yaml": "5.4.1"
        },
        "markdownlint-rule-title-case-style": {
          "markdownlint": {
            "markdown-it": "14.2.0"
          }
        },
        "smol-toml": "1.8.0",
        "@iconify/tools": "5.0.12",
        "gray-matter": {
          "js-yaml": "3.15.2"
        },
        "svgo": "4.1.0",
        "brace-expansion": "5.0.9",
        "qs": "6.16.0",
        "hono": "4.13.7"
      }
    }
  }
}
