github.com/Heydon/REVENGE.CSS v0.0.0-20200622155810-b5f5f04ac1b5 h1:it3c7bXcWnGKUXuOLswZmiDXarJbG0gRkSsfXa3+Sos=
github.com/Heydon/REVENGE.CSS v0.0.0-20200622155810-b5f5f04ac1b5/go.mod h1:XBpzr9hlUI2hdamAi4xPpys4nVjsp7eyIBAKhmP8nzs=
github.com/aFarkas/lazysizes v0.0.0-20210517092641-1523a4ff4579 h1:K8ukOfj0MOBEWWsL8Mzd8GXIbAf7/RHnX1hipqbjeto=
github.com/aFarkas/lazysizes v0.0.0-20210517092641-1523a4ff4579/go.mod h1:xl3heUINAn0oPowV1biDQ2Pyw1w3x66I7KEbWkaxox0=
github.com/csswizardry/ct v0.0.0-20230131155739-4e0d88c1a9ff h1:nV9EWy0+/rvtipXqDQMVeFfgyXgP9yY40bbx0h2qS+8=
github.com/csswizardry/ct v0.0.0-20230131155739-4e0d88c1a9ff/go.mod h1:OG5Jqzdk8/OaniOKZRA9w8agzQBskTkDYFCfDjwuz1A=
github.com/davidsneighbour/hugo-modules/modules/pwa v1.2024.13 h1:+yYsqtao1yQASu/6p1Y/NZp6qavhHfVr0w9hqBGo5k4=
github.com/davidsneighbour/hugo-modules/modules/pwa v1.2024.13/go.mod h1:JDP29CAgx9RH+JMI3G3lXeg7ka2U7Dp8iM4nwgOXlUM=
github.com/davidsneighbour/kollitsch.dev-content v0.0.0-20250415161628-48b833ba5188 h1:UcQZ3xIWIF9yHKrEj0laURbauWHjDr2aeRC0feTkjDY=
github.com/davidsneighbour/kollitsch.dev-content v0.0.0-20250415161628-48b833ba5188/go.mod h1:Gq5voMo31ZjHRNZyUDMLzRES8Mf5ANk+vud56wFlXZk=
github.com/twbs/icons v1.11.3 h1:XhvrQ1XDom9ggBbQx3wQCFGEr8qAQwQP/dAcw8OXMtA=
github.com/twbs/icons v1.11.3/go.mod h1:GnRlymgVWp5iVJCMa0Me5b6tFyGpVc2bSxPMRGIJmyA=
github.com/zenorocha/clipboard.js v2.0.11+incompatible h1:7CuKQrvR4w3t2USxwGDNiGGXVtZYZWthBD6DMfnbiLE=
github.com/zenorocha/clipboard.js v2.0.11+incompatible/go.mod h1:O4LYrBFJk1EQ3l9TUhF+Df4JmeMW5eApvdsQmgg8z0E=
