github.com/csswizardry/ct v0.0.0-20230131155739-4e0d88c1a9ff h1:nV9EWy0+/rvtipXqDQMVeFfgyXgP9yY40bbx0h2qS+8=
github.com/csswizardry/ct v0.0.0-20230131155739-4e0d88c1a9ff/go.mod h1:OG5Jqzdk8/OaniOKZRA9w8agzQBskTkDYFCfDjwuz1A=
github.com/davidsneighbour/hugo-debug v1.5.20 h1:pFeFy+hgASGnuibe3Ey/tf+WYB9hxp6imXGllTMzHrk=
github.com/davidsneighbour/hugo-debug v1.5.20/go.mod h1:CmaePQn6TcdiP269YMmB0ShEZI47ySDpeWkBV8T2qcU=
