      "license": "Apache-2.0",
      "peer": true
      "peer": true,
      "peer": true,
      "peer": true,
      "peer": true,
      "peer": true,
      "peer": true,
      "peer": true,
      "peer": true,
      "peer": true,
      "peer": true,
      "peer": true,
      "peer": true,
      "peer": true,
      "license": "MIT"
      "license": "MIT"
      "license": "MIT"
      "license": "MIT"
      "peer": true,
      "peer": true,
      "peer": true,
      "peer": true,
      "peer": true,
      "peer": true,
      "peer": true,
      "peer": true,
      "peer": true,
      "peer": true,
      "peer": true,
      "peer": true,
      "peer": true,
      "peer": true,
      "peer": true,
      "peer": true,
      "peer": true,
      "peer": true,
      "peer": true,
      "peer": true,
      "peer": true,
      "peer": true,
      "peer": true,
      "peer": true,
      "peer": true,
      "peer": true,
      "peer": true,
      "peer": true,
      "peer": true,
      "peer": true,
      "peer": true,
      "peer": true,
      "peer": true,
      "peer": true,
      "peer": true,
      "peer": true,
      "license": "MIT",
      "peer": true
      "peer": true,
      "peer": true,
      "peer": true,
      "peer": true,
      "peer": true,
      "license": "ISC",
      "peer": true
      "peer": true,
      "peer": true,
      "peer": true,
      "peer": true,
      "peer": true,
      "peer": true,
      "peer": true,
      "peer": true,
      "peer": true,
      "peer": true,
      "peer": true,
      "peer": true,
      "peer": true,
      "peer": true,
      "peer": true,
      "peer": true,
      "peer": true,
      "license": "MIT",
      "peer": true
      "license": "BSD-2-Clause",
      "peer": true
      "peer": true,
      "peer": true,
      "peer": true,
      "peer": true,
      "peer": true,
      "peer": true,
      "peer": true,
      "peer": true,
      "peer": true,
      "license": "MIT",
      "peer": true
      "license": "ISC",
      "peer": true
      "peer": true,
      "peer": true,
      "peer": true,
      "peer": true,
      "peer": true,
      "peer": true,
      "peer": true,
      "peer": true,
      "peer": true,
      "peer": true,
      "peer": true,
      "license": "MIT",
      "peer": true
      "license": "ISC",
      "peer": true
