        "@vitest/browser": "4.0.1",
        "@vitest/browser-playwright": "4.0.1",
        "@vitest/coverage-v8": "4.0.1",
        "vitest": "4.0.1"
      "peer": true,
      "peer": true,
      "peer": true,
      "peer": true,
      "peer": true,
      "peer": true,
      "peer": true,
      "peer": true,
      "peer": true,
      "peer": true,
      "peer": true,
      "peer": true,
      "peer": true,
      "peer": true,
      "peer": true,
      "peer": true,
      "peer": true,
      "peer": true,
      "peer": true,
      "peer": true,
      "peer": true,
      "peer": true,
      "peer": true,
      "peer": true,
      "peer": true,
      "peer": true,
      "peer": true,
      "peer": true,
      "peer": true,
      "peer": true,
      "peer": true,
      "peer": true,
      "peer": true,
      "peer": true,
      "peer": true,
      "peer": true,
      "peer": true,
      "peer": true,
      "peer": true,
      "peer": true,
      "peer": true,
      "peer": true,
      "peer": true,
      "peer": true,
      "peer": true,
      "peer": true,
      "peer": true,
      "peer": true,
      "license": "MIT",
      "peer": true
      "peer": true,
      "peer": true,
      "peer": true,
      "peer": true,
      "peer": true,
      "license": "ISC",
      "peer": true
      "peer": true,
      "peer": true,
      "peer": true,
      "peer": true,
      "peer": true,
      "peer": true,
      "peer": true,
      "peer": true,
      "peer": true,
      "peer": true,
      "peer": true,
      "peer": true,
      "peer": true,
      "peer": true,
      "peer": true,
      "peer": true,
      "peer": true,
      "license": "MIT",
      "peer": true
      "license": "BSD-2-Clause",
      "peer": true
      "peer": true,
      "peer": true,
      "peer": true,
      "peer": true,
      "peer": true,
      "peer": true,
    "node_modules/@standard-schema/spec": {
      "version": "1.0.0",
      "resolved": "https://registry.npmjs.org/@standard-schema/spec/-/spec-1.0.0.tgz",
      "integrity": "sha512-m2bOd0f2RT9k8QJx1JN85cZYyH1RqFBdlwtkSlf4tBDYLCiiZnv1fIIwacK6cqwXavOydf0NPToMQgpKq+dVlA==",
      "dev": true,
      "license": "MIT"
    },
    "node_modules/@tailwindcss/oxide-wasm32-wasi/node_modules/@emnapi/core": {
      "version": "1.5.0",
      "inBundle": true,
      "license": "MIT",
      "optional": true,
      "dependencies": {
        "@emnapi/wasi-threads": "1.1.0",
        "tslib": "^2.4.0"
      }
    },
    "node_modules/@tailwindcss/oxide-wasm32-wasi/node_modules/@emnapi/runtime": {
      "version": "1.5.0",
      "inBundle": true,
      "license": "MIT",
      "optional": true,
      "dependencies": {
        "tslib": "^2.4.0"
      }
    },
    "node_modules/@tailwindcss/oxide-wasm32-wasi/node_modules/@emnapi/wasi-threads": {
      "version": "1.1.0",
      "inBundle": true,
      "license": "MIT",
      "optional": true,
      "dependencies": {
        "tslib": "^2.4.0"
      }
    },
    "node_modules/@tailwindcss/oxide-wasm32-wasi/node_modules/@napi-rs/wasm-runtime": {
      "version": "1.0.7",
      "inBundle": true,
      "license": "MIT",
      "optional": true,
      "dependencies": {
        "@emnapi/core": "^1.5.0",
        "@emnapi/runtime": "^1.5.0",
        "@tybys/wasm-util": "^0.10.1"
      }
    },
    "node_modules/@tailwindcss/oxide-wasm32-wasi/node_modules/@tybys/wasm-util": {
      "version": "0.10.1",
      "inBundle": true,
      "license": "MIT",
      "optional": true,
      "dependencies": {
        "tslib": "^2.4.0"
      }
    },
    "node_modules/@tailwindcss/oxide-wasm32-wasi/node_modules/tslib": {
      "version": "2.8.1",
      "inBundle": true,
      "license": "0BSD",
      "optional": true
    },
      "version": "5.2.3",
      "resolved": "https://registry.npmjs.org/@types/chai/-/chai-5.2.3.tgz",
      "integrity": "sha512-Mw558oeA9fFbv65/y4mHtXDs9bPnFMZAL/jxdPFUpOHHIXX91mcgEHbS5Lahr+pwZFR8A7GQleRWeI6cGFC2UA==",
        "@types/deep-eql": "*",
        "assertion-error": "^2.0.1"
      "peer": true,
      "peer": true,
    "node_modules/@vitest/browser": {
      "version": "4.0.1",
      "resolved": "https://registry.npmjs.org/@vitest/browser/-/browser-4.0.1.tgz",
      "integrity": "sha512-nXESrLVnYEaFwqPAYa8cCrpTQMAatO1OepV/i27RVz9uawKAQSsSH7T8wjxouKXZAr8dBITYJmcIZNBbDNFn/A==",
      "dev": true,
      "license": "MIT",
      "dependencies": {
        "@vitest/mocker": "4.0.1",
        "@vitest/utils": "4.0.1",
        "magic-string": "^0.30.19",
        "pixelmatch": "7.1.0",
        "pngjs": "^7.0.0",
        "sirv": "^3.0.2",
        "tinyrainbow": "^3.0.3",
        "ws": "^8.18.3"
      },
      "funding": {
        "url": "https://opencollective.com/vitest"
      },
      "peerDependencies": {
        "vitest": "4.0.1"
      }
    },
    "node_modules/@vitest/browser-playwright": {
      "version": "4.0.1",
      "resolved": "https://registry.npmjs.org/@vitest/browser-playwright/-/browser-playwright-4.0.1.tgz",
      "integrity": "sha512-hp1z7yfubB6saK0NCUiRUjvVWoomCeUIUcnvdzr8tRTe6NjFjgeJqc6bt+iG59OqcIx+acneR+OJuB3P8ajiFg==",
      "dev": true,
      "license": "MIT",
      "dependencies": {
        "@vitest/browser": "4.0.1",
        "@vitest/mocker": "4.0.1",
        "tinyrainbow": "^3.0.3"
      },
      "funding": {
        "url": "https://opencollective.com/vitest"
      },
      "peerDependencies": {
        "playwright": "*",
        "vitest": "4.0.1"
      },
      "peerDependenciesMeta": {
        "playwright": {
          "optional": false
        }
      }
    },
    "node_modules/@vitest/browser/node_modules/magic-string": {
      "version": "0.30.19",
      "resolved": "https://registry.npmjs.org/magic-string/-/magic-string-0.30.19.tgz",
      "integrity": "sha512-2N21sPY9Ws53PZvsEpVtNuSW+ScYbQdp4b9qUaL+9QkHUrGFKo56Lg9Emg5s9V/qrtNBmiR01sYhUOwu3H+VOw==",
      "dev": true,
      "license": "MIT",
      "dependencies": {
        "@jridgewell/sourcemap-codec": "^1.5.5"
      }
    },
      "version": "4.0.1",
      "resolved": "https://registry.npmjs.org/@vitest/coverage-v8/-/coverage-v8-4.0.1.tgz",
      "integrity": "sha512-nmB+UVryiWQLC0pfPQ6KmJacew1ecpuKeUyiGbXtp1+KoYtCTAAlLI++8X/wJfzlULil+l/1jiWPreFnB1U5Mg==",
        "@vitest/utils": "4.0.1",
        "ast-v8-to-istanbul": "^0.3.5",
        "debug": "^4.4.3",
        "istanbul-reports": "^3.2.0",
        "tinyrainbow": "^3.0.3"
        "@vitest/browser": "4.0.1",
        "vitest": "4.0.1"
    "node_modules/@vitest/coverage-v8/node_modules/debug": {
      "version": "4.4.3",
      "resolved": "https://registry.npmjs.org/debug/-/debug-4.4.3.tgz",
      "integrity": "sha512-RGwwWnwQvkVfavKVt22FGLw+xYSdzARwm0ru6DhTVA3umU5hZc28V3kO4stgYryrTlLpuvgI9GiijltAjNbcqA==",
        "ms": "^2.1.3"
      },
      "engines": {
        "node": ">=6.0"
      },
      "peerDependenciesMeta": {
        "supports-color": {
          "optional": true
        }
      "version": "4.0.1",
      "resolved": "https://registry.npmjs.org/@vitest/expect/-/expect-4.0.1.tgz",
      "integrity": "sha512-KtvGLN/IWoZfg68JF2q/zbDEo+UJTWnc7suYJ8RF+ZTBeBcBz4NIOJDxO4Q3bEY9GsOYhgy5cOevcVPFh4+V7g==",
        "@standard-schema/spec": "^1.0.0",
        "@vitest/spy": "4.0.1",
        "@vitest/utils": "4.0.1",
        "chai": "^6.0.1",
        "tinyrainbow": "^3.0.3"
      "version": "4.0.1",
      "resolved": "https://registry.npmjs.org/@vitest/mocker/-/mocker-4.0.1.tgz",
      "integrity": "sha512-fwmvg8YvwSAE41Hyhul7dL4UzPhG+k2VaZCcL+aHagLx4qlNQgKYTw7coF4YdjAxSBBt0b408gQFYMX1Qeqweg==",
        "@vitest/spy": "4.0.1",
        "magic-string": "^0.30.19"
        "vite": "^6.0.0 || ^7.0.0-0"
      "version": "0.30.19",
      "resolved": "https://registry.npmjs.org/magic-string/-/magic-string-0.30.19.tgz",
      "integrity": "sha512-2N21sPY9Ws53PZvsEpVtNuSW+ScYbQdp4b9qUaL+9QkHUrGFKo56Lg9Emg5s9V/qrtNBmiR01sYhUOwu3H+VOw==",
        "@jridgewell/sourcemap-codec": "^1.5.5"
      "version": "4.0.1",
      "resolved": "https://registry.npmjs.org/@vitest/pretty-format/-/pretty-format-4.0.1.tgz",
      "integrity": "sha512-6nq3JY/zQ91+oX1vd4fajiVNyA/HMhaF9cOw5P9cQi6ML7PRi7ilVaQ77PulF+4kvUKr9bcLm9GoAtwlVFbGzw==",
        "tinyrainbow": "^3.0.3"
      "version": "4.0.1",
      "resolved": "https://registry.npmjs.org/@vitest/runner/-/runner-4.0.1.tgz",
      "integrity": "sha512-nxUoWmw7ZX2OiSNwolJeSOOzrrR/o79wRTwP7HhiW/lDFwQHtWMj9snMhrdvccFqanvI8897E81eXjgDbrRvqA==",
        "@vitest/utils": "4.0.1",
        "pathe": "^2.0.3"
      "version": "4.0.1",
      "resolved": "https://registry.npmjs.org/@vitest/snapshot/-/snapshot-4.0.1.tgz",
      "integrity": "sha512-CvfsEWutEIN/Z9ScXYup7YwlPeK9JICrV7FN9p3pVytsyh+aCHAH0PUi//YlTiQ7T8qYxJYpUrAwZL9XqmZ5ZA==",
        "@vitest/pretty-format": "4.0.1",
        "magic-string": "^0.30.19",
      "version": "0.30.19",
      "resolved": "https://registry.npmjs.org/magic-string/-/magic-string-0.30.19.tgz",
      "integrity": "sha512-2N21sPY9Ws53PZvsEpVtNuSW+ScYbQdp4b9qUaL+9QkHUrGFKo56Lg9Emg5s9V/qrtNBmiR01sYhUOwu3H+VOw==",
        "@jridgewell/sourcemap-codec": "^1.5.5"
      "version": "4.0.1",
      "resolved": "https://registry.npmjs.org/@vitest/spy/-/spy-4.0.1.tgz",
      "integrity": "sha512-Hj0/TBQ2EN72wDpfKiUf63mRCkE0ZiSGXGeDDvW9T3LBKVVApItd0GyQLDBIe03kWbyK9gOTEbJVVWthcLFzCg==",
      "version": "4.0.1",
      "resolved": "https://registry.npmjs.org/@vitest/utils/-/utils-4.0.1.tgz",
      "integrity": "sha512-uRrACgpIz5sxuT87ml7xhh7EdKtW8k0N9oSFVBPl8gHB/JfLObLe9dXO6ZrsNN55FzciGIRqIEILgTQvg1eNHw==",
        "@vitest/pretty-format": "4.0.1",
        "tinyrainbow": "^3.0.3"
      "peer": true,
      "version": "6.2.0",
      "resolved": "https://registry.npmjs.org/chai/-/chai-6.2.0.tgz",
      "integrity": "sha512-aUTnJc/JipRzJrNADXVvpVqi6CO0dn3nx4EVPxijri+fj3LUUDyZQOgVeW54Ob3Y1Xh9Iz8f+CgaCl8v0mn9bA==",
      "license": "MIT",
      "peer": true
      "license": "ISC",
      "peer": true
      "peer": true,
      "peer": true,
      "peer": true,
      "peer": true,
      "peer": true,
      ],
      "peer": true
      ],
      "peer": true
      ],
      "peer": true
      ],
      "peer": true
      ],
      "peer": true
      ],
      "peer": true
      ],
      "peer": true
      ],
      "peer": true
      ],
      "peer": true
      ],
      "peer": true
      ],
      "peer": true
      ],
      "peer": true
      ],
      "peer": true
      ],
      "peer": true
      ],
      "peer": true
      ],
      "peer": true
      ],
      "peer": true
      ],
      "peer": true
      ],
      "peer": true
      ],
      "peer": true
      ],
      "peer": true
      ],
      "peer": true
      "peer": true,
      "peer": true,
      "peer": true,
      "optional": true,
      "peer": true
      "optional": true,
      "peer": true
      "optional": true,
      "peer": true
      "optional": true,
      "peer": true
      "peer": true,
      "peer": true,
      "peer": true,
    "node_modules/pixelmatch": {
      "version": "7.1.0",
      "resolved": "https://registry.npmjs.org/pixelmatch/-/pixelmatch-7.1.0.tgz",
      "integrity": "sha512-1wrVzJ2STrpmONHKBy228LM1b84msXDUoAzVEl0R8Mz4Ce6EPr+IVtxm8+yvrqLYMHswREkjYFaMxnyGnaY3Ng==",
      "dev": true,
      "license": "ISC",
      "dependencies": {
        "pngjs": "^7.0.0"
      },
      "bin": {
        "pixelmatch": "bin/pixelmatch"
      }
    },
      "peer": true,
      "version": "3.0.3",
      "resolved": "https://registry.npmjs.org/tinyrainbow/-/tinyrainbow-3.0.3.tgz",
      "integrity": "sha512-PSkbLUoxOFRzJYjjxHJt9xro7D+iilgMX/C9lawzVuYiIdcihh9DXmVibBe8lmcFrRi/VzlPjBxbN7rH24q8/Q==",
      "peer": true,
      "peer": true,
      "peer": true,
      "peer": true,
      "version": "4.0.1",
      "resolved": "https://registry.npmjs.org/vitest/-/vitest-4.0.1.tgz",
      "integrity": "sha512-4rwTfUNF0MExMZBiNirkzZpeyUZGOs3JD76N2qHNP9i6w6/bff7MRv2I9yFJKd1ICxzn2igpra+E4t9o2EfQhw==",
        "@vitest/expect": "4.0.1",
        "@vitest/mocker": "4.0.1",
        "@vitest/pretty-format": "4.0.1",
        "@vitest/runner": "4.0.1",
        "@vitest/snapshot": "4.0.1",
        "@vitest/spy": "4.0.1",
        "@vitest/utils": "4.0.1",
        "debug": "^4.4.3",
        "es-module-lexer": "^1.7.0",
        "expect-type": "^1.2.2",
        "magic-string": "^0.30.19",
        "picomatch": "^4.0.3",
        "tinyglobby": "^0.2.15",
        "tinyrainbow": "^3.0.3",
        "vite": "^6.0.0 || ^7.0.0",
        "node": "^20.0.0 || ^22.0.0 || >=24.0.0"
        "@types/node": "^20.0.0 || ^22.0.0 || >=24.0.0",
        "@vitest/browser-playwright": "4.0.1",
        "@vitest/browser-preview": "4.0.1",
        "@vitest/browser-webdriverio": "4.0.1",
        "@vitest/ui": "4.0.1",
        "@vitest/browser-playwright": {
          "optional": true
        },
        "@vitest/browser-preview": {
          "optional": true
        },
        "@vitest/browser-webdriverio": {
    "node_modules/vitest/node_modules/debug": {
      "version": "4.4.3",
      "resolved": "https://registry.npmjs.org/debug/-/debug-4.4.3.tgz",
      "integrity": "sha512-RGwwWnwQvkVfavKVt22FGLw+xYSdzARwm0ru6DhTVA3umU5hZc28V3kO4stgYryrTlLpuvgI9GiijltAjNbcqA==",
      "dev": true,
      "license": "MIT",
      "dependencies": {
        "ms": "^2.1.3"
      },
      "engines": {
        "node": ">=6.0"
      },
      "peerDependenciesMeta": {
        "supports-color": {
          "optional": true
        }
      }
    },
      "version": "0.30.19",
      "resolved": "https://registry.npmjs.org/magic-string/-/magic-string-0.30.19.tgz",
      "integrity": "sha512-2N21sPY9Ws53PZvsEpVtNuSW+ScYbQdp4b9qUaL+9QkHUrGFKo56Lg9Emg5s9V/qrtNBmiR01sYhUOwu3H+VOw==",
        "@jridgewell/sourcemap-codec": "^1.5.5"
      "peer": true,
      "license": "MIT",
      "peer": true
      "license": "ISC",
      "peer": true
