        "leaflet": "^1.9.4",
      "license": "Apache-2.0",
      "peer": true
      "peer": true,
      "peer": true,
      "peer": true,
      "peer": true,
      "peer": true,
      "peer": true,
      "peer": true,
      "peer": true,
      "peer": true,
      "peer": true,
      "peer": true,
      "peer": true,
      "peer": true,
      "license": "MIT"
      "license": "MIT"
      "license": "MIT"
      "license": "MIT"
      "peer": true,
      "peer": true,
      "peer": true,
      "peer": true,
      "peer": true,
      "peer": true,
      "peer": true,
      "peer": true,
      "peer": true,
      "peer": true,
      "peer": true,
      "peer": true,
      "peer": true,
      "peer": true,
      "peer": true,
      "peer": true,
      "peer": true,
      "peer": true,
      "peer": true,
      "peer": true,
      "peer": true,
      "peer": true,
      "peer": true,
      "peer": true,
      "peer": true,
      "peer": true,
      "peer": true,
      "peer": true,
      "peer": true,
      "peer": true,
      "peer": true,
      "peer": true,
      "peer": true,
      "peer": true,
      "peer": true,
      "peer": true,
      "license": "MIT",
      "peer": true
      "peer": true,
      "peer": true,
      "peer": true,
      "peer": true,
      "peer": true,
      "license": "ISC",
      "peer": true
      "peer": true,
      "peer": true,
      "peer": true,
      "peer": true,
      "peer": true,
      "peer": true,
      "peer": true,
      "peer": true,
      "peer": true,
      "peer": true,
      "peer": true,
      "peer": true,
      "peer": true,
      "peer": true,
      "peer": true,
      "peer": true,
      "peer": true,
      "license": "MIT",
      "peer": true
      "license": "BSD-2-Clause",
      "peer": true
      "peer": true,
      "peer": true,
      "peer": true,
      "peer": true,
      "peer": true,
      "peer": true,
      "peer": true,
      "peer": true,
      "peer": true,
      "license": "MIT",
      "peer": true
      "license": "ISC",
      "peer": true
      "peer": true,
      "peer": true,
      "peer": true,
    "node_modules/leaflet": {
      "version": "1.9.4",
      "resolved": "https://registry.npmjs.org/leaflet/-/leaflet-1.9.4.tgz",
      "integrity": "sha512-nxS1ynzJOmOlHp+iL3FyWqK89GtNL8U8rvlMOsQdTTssxZwCXh8N2NB3GDQOL+YR3XnWyZAxwQixURb+FA74PA==",
      "license": "BSD-2-Clause"
    },
      "peer": true,
      "peer": true,
      "peer": true,
      "peer": true,
      "peer": true,
      "peer": true,
      "peer": true,
      "peer": true,
      "license": "MIT",
      "peer": true
      "license": "ISC",
      "peer": true
