github.com/Heydon/REVENGE.CSS v0.0.0-20200622155810-b5f5f04ac1b5 h1:it3c7bXcWnGKUXuOLswZmiDXarJbG0gRkSsfXa3+Sos=
github.com/Heydon/REVENGE.CSS v0.0.0-20200622155810-b5f5f04ac1b5/go.mod h1:XBpzr9hlUI2hdamAi4xPpys4nVjsp7eyIBAKhmP8nzs=
github.com/aFarkas/lazysizes v0.0.0-20210517092641-1523a4ff4579 h1:K8ukOfj0MOBEWWsL8Mzd8GXIbAf7/RHnX1hipqbjeto=
github.com/aFarkas/lazysizes v0.0.0-20210517092641-1523a4ff4579/go.mod h1:xl3heUINAn0oPowV1biDQ2Pyw1w3x66I7KEbWkaxox0=
github.com/csswizardry/ct v0.0.0-20230131155739-4e0d88c1a9ff h1:nV9EWy0+/rvtipXqDQMVeFfgyXgP9yY40bbx0h2qS+8=
github.com/csswizardry/ct v0.0.0-20230131155739-4e0d88c1a9ff/go.mod h1:OG5Jqzdk8/OaniOKZRA9w8agzQBskTkDYFCfDjwuz1A=
github.com/davidsneighbour/hugo-modules/modules/auditor v1.2024.15 h1:9Pge2dRRqfezynw1V80iEGquNoQwbLWGSwslZDS5Y/U=
github.com/davidsneighbour/hugo-modules/modules/auditor v1.2024.15/go.mod h1:Zjhg0WuSFxQcwAcIzaNO46K+sRyMyeb+Wwk7G+tytKc=
github.com/davidsneighbour/hugo-modules/modules/debug v1.2024.27 h1:QupPdOhv4DAYZ8F6mB8InWU7q92ahA7O7nAbpKhQGmE=
github.com/davidsneighbour/hugo-modules/modules/debug v1.2024.27/go.mod h1:URThzoZUs6mf6c2b0TJMW7jm2SkmG2IhZDUBq9jxjOY=
github.com/davidsneighbour/hugo-modules/modules/feeds v1.2024.11 h1:wMdrjQZcC+ug8Gz7u/HGH3ePnJQFP7nEP3yY4+SG048=
github.com/davidsneighbour/hugo-modules/modules/feeds v1.2024.11/go.mod h1:+H82aWW41iAXqrqssonHg1lVH0+2+kEGJ2djXgTq0X0=
github.com/davidsneighbour/hugo-modules/modules/functions v1.2024.20 h1:MKZD6xLbL/J44yn7kh3/VsqRFH0aMPxbcqdxEYjeyTM=
github.com/davidsneighbour/hugo-modules/modules/functions v1.2024.20/go.mod h1:y7hfQJQUUQNeOtprPVvfLp82KhwsS1ZuxU7/bEE6u1w=
github.com/davidsneighbour/hugo-modules/modules/functions v1.2024.21 h1:D1BZHCowG5wnBcYb2JrCmXghNIPRqTDyrfjNYNrPkxE=
github.com/davidsneighbour/hugo-modules/modules/functions v1.2024.21/go.mod h1:y7hfQJQUUQNeOtprPVvfLp82KhwsS1ZuxU7/bEE6u1w=
github.com/davidsneighbour/hugo-modules/modules/giscus v1.2024.3 h1:pPkUb+s/CpypY3+octINYGwtjbzKdxxzJfeUPnt5eqM=
github.com/davidsneighbour/hugo-modules/modules/giscus v1.2024.3/go.mod h1:F4PJUjhwfl1GzpoHeups4V5KQcbGIvqzgpROFrGrhCo=
github.com/davidsneighbour/hugo-modules/modules/head v1.2024.14 h1:VANccX922XRe5HichULWaOcDjbji0XR4vhvn4urh+84=
github.com/davidsneighbour/hugo-modules/modules/head v1.2024.14/go.mod h1:T5bYxWMLmm4mHpE+aiFLkBhk2eqMC7rAKsJyU2QCV9I=
github.com/davidsneighbour/hugo-modules/modules/head v1.2024.15 h1:BRGAHQn7MVOKSKB0zUCo4XQiKSAe/KDx64NsC8cNQ04=
github.com/davidsneighbour/hugo-modules/modules/head v1.2024.15/go.mod h1:Yql9q7+vSRJMKOFl5ZhDjhaew0dbIAs0DOSOp5pjz/Y=
github.com/davidsneighbour/hugo-modules/modules/headerimage v1.2024.1 h1:Rc5jkYQSvaRuENVTe3Kg+fnUNK4dJmeCOt6FogANEtg=
github.com/davidsneighbour/hugo-modules/modules/headerimage v1.2024.1/go.mod h1:lMtgHJtUgA8C80GpzAmQZeUQM9obfJRKnN9xGDfaGlA=
github.com/davidsneighbour/hugo-modules/modules/hooks v1.2024.12 h1:w9Dm7pIGn9ZzBka8CpfU2xVQwdx6yznB+cuIh/W1RFI=
github.com/davidsneighbour/hugo-modules/modules/hooks v1.2024.12/go.mod h1:+UnH2rpwy8eVQE0T0xnNU1C1Sm0aqT3/25tO3ekBmcg=
github.com/davidsneighbour/hugo-modules/modules/icons v1.2024.9 h1:CL3CQgFReop03zYJMXkFKHTvuoF0YH8JDqdPZVI1ppA=
github.com/davidsneighbour/hugo-modules/modules/icons v1.2024.9/go.mod h1:zGfC5Uf0NFEILaqhfTdwW185l5qEaM5KUwzBKvKFZpo=
github.com/davidsneighbour/hugo-modules/modules/modder v1.2024.2 h1:KdKl2aZp4jfcsgb9Mf3/5Hh4Fy23TOnvjAjID5jj+Fc=
github.com/davidsneighbour/hugo-modules/modules/modder v1.2024.2/go.mod h1:pf5St0mlfEsYYt5K+1n4BqrqkbVZkEAhxjvYu9sc+zU=
github.com/davidsneighbour/hugo-modules/modules/netlification v1.2024.7 h1:J42uqxxnqEh8wBbkhcROi7IGfm68WwqHQUMMwwBwvkc=
github.com/davidsneighbour/hugo-modules/modules/netlification v1.2024.7/go.mod h1:5ewL7ZhqJAioSM8nSHWWMKfm3MnNz9klX/JdOzZAxvY=
github.com/davidsneighbour/hugo-modules/modules/opensearch v1.2024.2 h1:IFqTTGFANf2Uj0mlMJKcDFg/Iq2Rpcm9+rDCPMgbOGU=
github.com/davidsneighbour/hugo-modules/modules/opensearch v1.2024.2/go.mod h1:XmxFP1dqNoiLxL0hUFs8udbtG3qgSzZDFRQSDg5pGDs=
github.com/davidsneighbour/hugo-modules/modules/pictures v1.2024.4 h1:Dhg/Gr8dKHdOrjdYxxSw0SvT2/Kc7fu4Yx0VtU9ITpQ=
github.com/davidsneighbour/hugo-modules/modules/pictures v1.2024.4/go.mod h1:wHveSSBmVY6BKY2fsBC+0S1rjDIa66CJh9tWkngvBhw=
github.com/davidsneighbour/hugo-modules/modules/pictures v1.2024.5 h1:tKFaXkmrZPlZ2rkVXP7JdaZP2KsAktROXKkIUurTIIw=
github.com/davidsneighbour/hugo-modules/modules/pictures v1.2024.5/go.mod h1:wHveSSBmVY6BKY2fsBC+0S1rjDIa66CJh9tWkngvBhw=
github.com/davidsneighbour/hugo-modules/modules/publisher v1.2024.0 h1:JaVb78sx1Izof7146tqx9eAvTayW7wPfYahkB34sqYU=
github.com/davidsneighbour/hugo-modules/modules/publisher v1.2024.0/go.mod h1:CE+KzNh9eIMZYoZPXeTP/CtvLYIbAsCq+UWTZWsGBk4=
github.com/davidsneighbour/hugo-modules/modules/pwa v1.2024.7 h1:PXtORENH5oyjUO2z/ed0uKblB2CGfvI5bX2uF5XCr9Y=
github.com/davidsneighbour/hugo-modules/modules/pwa v1.2024.7/go.mod h1:/hNhhuFfmGyHWkNlhm0oE0m8aW1QjgxJ2fvxfglEQz0=
github.com/davidsneighbour/hugo-modules/modules/renderhooks v1.2024.12 h1:wSF5YfucGys4gQhIfYZa0W70RLFlitfN6ehLfdIRr+U=
github.com/davidsneighbour/hugo-modules/modules/renderhooks v1.2024.12/go.mod h1:hJKaduN/zO1Fekx3ouydAr80DZRRlG7I7zjZZDJvqNs=
github.com/davidsneighbour/hugo-modules/modules/renderhooks v1.2024.13 h1:G/Ycx0wNvwxUyA/S9afjqddGGqFKYJCjvamhRZQH5Bo=
github.com/davidsneighbour/hugo-modules/modules/renderhooks v1.2024.13/go.mod h1:hJKaduN/zO1Fekx3ouydAr80DZRRlG7I7zjZZDJvqNs=
github.com/davidsneighbour/hugo-modules/modules/robots v1.2024.6 h1:Y79HgKewFxrsMR146LrwmljsxjEkwRqpueQQStnMEgk=
github.com/davidsneighbour/hugo-modules/modules/robots v1.2024.6/go.mod h1:g5vOSsvyZOfZde3BB2GxHWHvipnfbAoWUj/xPTW9Czg=
github.com/davidsneighbour/hugo-modules/modules/schema v1.2024.0 h1:lyEOUF54/JXMchfqGPeVn5AtAW67EwlYqBoQ+JBW5RQ=
github.com/davidsneighbour/hugo-modules/modules/schema v1.2024.0/go.mod h1:wrw9k+WtwgzbOHBk5DvBy4WUB1AY2YAgpdrDWO0oWUk=
github.com/davidsneighbour/hugo-modules/modules/security v1.2024.1 h1:RokqnnuSCW7K3smfKVMBOzAEYbDrsElTWu64itjFUKY=
github.com/davidsneighbour/hugo-modules/modules/security v1.2024.1/go.mod h1:F0q9Gy4c+4MmZDmNaqPSpL79bLjWrJFUnNam4QHMMmg=
github.com/davidsneighbour/hugo-modules/modules/shortcodes v1.2024.3 h1:TnExZKb+H0wG2bswM+CxWkLYsyI3mDuatUs9g3KSIjw=
github.com/davidsneighbour/hugo-modules/modules/shortcodes v1.2024.3/go.mod h1:DwYSv5Lnx6UsCN47gLsWUIwhcSm63S65TBDEF2hrp3A=
github.com/davidsneighbour/hugo-modules/modules/shortcodes v1.2024.4 h1:bqHR8VbDSoRANf1TtoWUmeONNftBaOtj3kvyxNGNKEE=
github.com/davidsneighbour/hugo-modules/modules/shortcodes v1.2024.4/go.mod h1:DwYSv5Lnx6UsCN47gLsWUIwhcSm63S65TBDEF2hrp3A=
github.com/davidsneighbour/hugo-modules/modules/sitemap v1.2024.9 h1:g8TBtNLW5+BTIoysfQeJfuv2vWgz0CvIIayq4KsnRj4=
github.com/davidsneighbour/hugo-modules/modules/sitemap v1.2024.9/go.mod h1:qpCcVaaPTn1zv4k+eW0iFsiozxlBxcZgaoMRf2yVOWg=
github.com/davidsneighbour/hugo-modules/modules/social v1.2024.1 h1:FWNbeI5whlLqKZ4nRQw6bhHd/BiGyh2gBePd2TyYnTo=
github.com/davidsneighbour/hugo-modules/modules/social v1.2024.1/go.mod h1:wnwIifiwTP6YOb/HkpDbD+DsdZCBR9CY9Du6HR//fto=
github.com/davidsneighbour/hugo-modules/modules/youtube v1.2024.6 h1:yb3R9UYtw9XxCNw4fg30BTV7w35DmQC1nf+Lt3Qh3ho=
github.com/davidsneighbour/hugo-modules/modules/youtube v1.2024.6/go.mod h1:tLhxNkoZWLQcxQNcyZrkCYEXSskWCNcm0iVAV+xGvMY=
github.com/paulirish/lite-youtube-embed v0.3.3 h1:AP8TnWs7WZGe3Svuhfl+RMsFk7by6z6D3mhWFsY3cR0=
github.com/paulirish/lite-youtube-embed v0.3.3/go.mod h1:9nuUWCzbFF/vvl3ClpZ1KsYFi/hlKjVOkmG8E+nsGDY=
github.com/twbs/icons v1.11.3 h1:XhvrQ1XDom9ggBbQx3wQCFGEr8qAQwQP/dAcw8OXMtA=
github.com/twbs/icons v1.11.3/go.mod h1:GnRlymgVWp5iVJCMa0Me5b6tFyGpVc2bSxPMRGIJmyA=
github.com/zenorocha/clipboard.js v2.0.11+incompatible h1:7CuKQrvR4w3t2USxwGDNiGGXVtZYZWthBD6DMfnbiLE=
github.com/zenorocha/clipboard.js v2.0.11+incompatible/go.mod h1:O4LYrBFJk1EQ3l9TUhF+Df4JmeMW5eApvdsQmgg8z0E=
